{
    "name": "smtp-protocol",
    "version": "2.4.7",
    "lockfileVersion": 1,
    "requires": true,
    "dependencies": {
        "abbrev": {
            "version": "1.1.1",
            "resolved": "https://registry.npm.taobao.org/abbrev/download/abbrev-1.1.1.tgz",
            "integrity": "sha1-+PLIh60Qv2f2NPAFtph/7TF5qsg=",
            "dev": true
        },
        "base64-js": {
            "version": "0.0.2",
            "resolved": "https://registry.npm.taobao.org/base64-js/download/base64-js-0.0.2.tgz",
            "integrity": "sha1-Ak8Pcq+iW3X5wO5zzU9V7Bvtl4Q=",
            "dev": true
        },
        "bops": {
            "version": "0.0.6",
            "resolved": "https://registry.npm.taobao.org/bops/download/bops-0.0.6.tgz",
            "integrity": "sha1-CC0dVfoB5g29wuvC26N/ZZVUzzo=",
            "dev": true,
            "requires": {
                "base64-js": "0.0.2",
                "to-utf8": "0.0.1"
            }
        },
        "buffer-equal": {
            "version": "0.0.2",
            "resolved": "https://registry.npm.taobao.org/buffer-equal/download/buffer-equal-0.0.2.tgz",
            "integrity": "sha1-7Lt5D1aNQAmKYkK1SAXHWAXrk48=",
            "dev": true
        },
        "bunker": {
            "version": "0.1.2",
            "resolved": "https://registry.npm.taobao.org/bunker/download/bunker-0.1.2.tgz",
            "integrity": "sha1-yImSRkqOKm7ehpMDdfkrWAd++Xw=",
            "dev": true,
            "requires": {
                "burrito": ">=0.2.5 <0.3"
            }
        },
        "burrito": {
            "version": "0.2.12",
            "resolved": "https://registry.npm.taobao.org/burrito/download/burrito-0.2.12.tgz",
            "integrity": "sha1-0NbmrIHV6ZeJxvpKzLCwAx6lT2s=",
            "dev": true,
            "requires": {
                "traverse": "~0.5.1",
                "uglify-js": "~1.1.1"
            },
            "dependencies": {
                "traverse": {
                    "version": "0.5.2",
                    "resolved": "https://registry.npm.taobao.org/traverse/download/traverse-0.5.2.tgz",
                    "integrity": "sha1-4gPFjV9/DjfbbnTArLkpuwm2HYU=",
                    "dev": true
                }
            }
        },
        "chainsaw": {
            "version": "0.0.9",
            "resolved": "https://registry.npm.taobao.org/chainsaw/download/chainsaw-0.0.9.tgz",
            "integrity": "sha1-EaBRAtHEx4W20EFdM21aOhYSkT4=",
            "dev": true,
            "requires": {
                "traverse": ">=0.3.0 <0.4"
            }
        },
        "charm": {
            "version": "0.1.2",
            "resolved": "https://registry.npm.taobao.org/charm/download/charm-0.1.2.tgz",
            "integrity": "sha1-BsIe7RobBq62dVPNxT4jJ0usIpY=",
            "dev": true
        },
        "chunky": {
            "version": "0.0.0",
            "resolved": "https://registry.npm.taobao.org/chunky/download/chunky-0.0.0.tgz",
            "integrity": "sha1-HnWAojwIOJfSrWYkWefv2EZfYIo=",
            "dev": true
        },
        "concat-stream": {
            "version": "1.2.1",
            "resolved": "https://registry.npm.taobao.org/concat-stream/download/concat-stream-1.2.1.tgz",
            "integrity": "sha1-81EAtsRjeL+6i2uA+fDQzN8T3GA=",
            "dev": true,
            "requires": {
                "bops": "0.0.6"
            }
        },
        "core-util-is": {
            "version": "1.0.2",
            "resolved": "https://registry.npm.taobao.org/core-util-is/download/core-util-is-1.0.2.tgz",
            "integrity": "sha1-tf1UIgqivFq1eqtxQMlAdUUDwac="
        },
        "deep-equal": {
            "version": "0.0.0",
            "resolved": "https://registry.npm.taobao.org/deep-equal/download/deep-equal-0.0.0.tgz",
            "integrity": "sha1-mWedO70EcVb81FDT0B7rkGhpHoM=",
            "dev": true
        },
        "deep-is": {
            "version": "0.1.3",
            "resolved": "https://registry.npm.taobao.org/deep-is/download/deep-is-0.1.3.tgz",
            "integrity": "sha1-s2nW+128E+7PUk+RsHD+7cNXzzQ=",
            "dev": true
        },
        "difflet": {
            "version": "0.2.6",
            "resolved": "https://registry.npm.taobao.org/difflet/download/difflet-0.2.6.tgz",
            "integrity": "sha1-qyOzH1ZJtvqo49KsvTNEZzZcpvo=",
            "dev": true,
            "requires": {
                "charm": "0.1.x",
                "deep-is": "0.1.x",
                "traverse": "0.6.x"
            },
            "dependencies": {
                "traverse": {
                    "version": "0.6.6",
                    "resolved": "https://registry.npm.taobao.org/traverse/download/traverse-0.6.6.tgz",
                    "integrity": "sha1-y99WD9e5r2MlAv7UD5GMFX6pcTc=",
                    "dev": true
                }
            }
        },
        "duplexer": {
            "version": "0.1.1",
            "resolved": "https://registry.npm.taobao.org/duplexer/download/duplexer-0.1.1.tgz",
            "integrity": "sha1-rOb/gIwc5mtX0ev5eXessCM0z8E="
        },
        "glob": {
            "version": "3.2.11",
            "resolved": "https://registry.npm.taobao.org/glob/download/glob-3.2.11.tgz",
            "integrity": "sha1-Spc/Y1uRkPcV0QmH1cAP0oFevj0=",
            "dev": true,
            "requires": {
                "inherits": "2",
                "minimatch": "0.3"
            }
        },
        "hashish": {
            "version": "0.0.4",
            "resolved": "https://registry.npm.taobao.org/hashish/download/hashish-0.0.4.tgz",
            "integrity": "sha1-bWC8b/r3Ebav1g5CbQd5iAFOZVQ=",
            "dev": true,
            "requires": {
                "traverse": ">=0.2.4"
            }
        },
        "inherits": {
            "version": "2.0.4",
            "resolved": "https://registry.npm.taobao.org/inherits/download/inherits-2.0.4.tgz",
            "integrity": "sha1-D6LGT5MpF8NDOg3tVTY6rjdBa3w="
        },
        "isarray": {
            "version": "0.0.1",
            "resolved": "https://registry.npm.taobao.org/isarray/download/isarray-0.0.1.tgz",
            "integrity": "sha1-ihis/Kmo9Bd+Cav8YDiTmwXR7t8="
        },
        "lru-cache": {
            "version": "2.7.3",
            "resolved": "https://registry.npm.taobao.org/lru-cache/download/lru-cache-2.7.3.tgz",
            "integrity": "sha1-bUUk6LlV+V1PW1iFHOId1y+06VI=",
            "dev": true
        },
        "minimatch": {
            "version": "0.3.0",
            "resolved": "https://registry.npm.taobao.org/minimatch/download/minimatch-0.3.0.tgz",
            "integrity": "sha1-J12O2qxPG7MyZHIInnlJyDlGmd0=",
            "dev": true,
            "requires": {
                "lru-cache": "2",
                "sigmund": "~1.0.0"
            }
        },
        "minimist": {
            "version": "1.2.5",
            "resolved": "https://registry.npm.taobao.org/minimist/download/minimist-1.2.5.tgz",
            "integrity": "sha1-Z9ZgFLZqaoqqDAg8X9WN9OTpdgI=",
            "dev": true
        },
        "mkdirp": {
            "version": "0.5.5",
            "resolved": "https://registry.npm.taobao.org/mkdirp/download/mkdirp-0.5.5.tgz?cache=0&sync_timestamp=1587535418745&other_urls=https%3A%2F%2Fregistry.npm.taobao.org%2Fmkdirp%2Fdownload%2Fmkdirp-0.5.5.tgz",
            "integrity": "sha1-2Rzv1i0UNsoPQWIOJRKI1CAJne8=",
            "dev": true,
            "requires": {
                "minimist": "^1.2.5"
            }
        },
        "nopt": {
            "version": "2.2.1",
            "resolved": "https://registry.npm.taobao.org/nopt/download/nopt-2.2.1.tgz?cache=0&sync_timestamp=1583704592540&other_urls=https%3A%2F%2Fregistry.npm.taobao.org%2Fnopt%2Fdownload%2Fnopt-2.2.1.tgz",
            "integrity": "sha1-KqCbfRdoSHs7ianFqlIzW/8Lrqc=",
            "dev": true,
            "requires": {
                "abbrev": "1"
            }
        },
        "readable-stream": {
            "version": "1.1.14",
            "resolved": "https://registry.npm.taobao.org/readable-stream/download/readable-stream-1.1.14.tgz",
            "integrity": "sha1-fPTFTvZI44EwhMY23SB54WbAgdk=",
            "requires": {
                "core-util-is": "~1.0.0",
                "inherits": "~2.0.1",
                "isarray": "0.0.1",
                "string_decoder": "~0.10.x"
            }
        },
        "runforcover": {
            "version": "0.0.2",
            "resolved": "https://registry.npm.taobao.org/runforcover/download/runforcover-0.0.2.tgz",
            "integrity": "sha1-NE8FfY1F0zrrxsyCIEZ49pxIV8w=",
            "dev": true,
            "requires": {
                "bunker": "0.1.X"
            }
        },
        "seq": {
            "version": "0.3.5",
            "resolved": "https://registry.npm.taobao.org/seq/download/seq-0.3.5.tgz",
            "integrity": "sha1-rgKvOkJHk9jMvyEtaRdODFTf/jg=",
            "dev": true,
            "requires": {
                "chainsaw": ">=0.0.7 <0.1",
                "hashish": ">=0.0.2 <0.1"
            }
        },
        "shallow-copy": {
            "version": "0.0.1",
            "resolved": "https://registry.npm.taobao.org/shallow-copy/download/shallow-copy-0.0.1.tgz",
            "integrity": "sha1-QV9CcC1z2BAzApLMXuhurhoRoXA="
        },
        "sigmund": {
            "version": "1.0.1",
            "resolved": "https://registry.npm.taobao.org/sigmund/download/sigmund-1.0.1.tgz",
            "integrity": "sha1-P/IfGYytIXX587eBhT/ZTQ0ZtZA=",
            "dev": true
        },
        "slide": {
            "version": "1.1.6",
            "resolved": "https://registry.npm.taobao.org/slide/download/slide-1.1.6.tgz",
            "integrity": "sha1-VusCfWW00tzmyy4tMsTUr8nh1wc=",
            "dev": true
        },
        "split": {
            "version": "0.2.10",
            "resolved": "https://registry.npm.taobao.org/split/download/split-0.2.10.tgz",
            "integrity": "sha1-Zwl8YB1pfOE2j0GPBs0gHPBSGlc=",
            "dev": true,
            "requires": {
                "through": "2"
            }
        },
        "stream-combiner": {
            "version": "0.0.4",
            "resolved": "https://registry.npm.taobao.org/stream-combiner/download/stream-combiner-0.0.4.tgz",
            "integrity": "sha1-TV5DPBhSYd3mI8o/RMWGvPXErRQ=",
            "requires": {
                "duplexer": "~0.1.1"
            }
        },
        "string_decoder": {
            "version": "0.10.31",
            "resolved": "https://registry.npm.taobao.org/string_decoder/download/string_decoder-0.10.31.tgz",
            "integrity": "sha1-YuIDvEF2bGwoyfyEMB2rHFMQ+pQ="
        },
        "tap": {
            "version": "0.4.13",
            "resolved": "https://registry.npm.taobao.org/tap/download/tap-0.4.13.tgz?cache=0&sync_timestamp=1584676551411&other_urls=https%3A%2F%2Fregistry.npm.taobao.org%2Ftap%2Fdownload%2Ftap-0.4.13.tgz",
            "integrity": "sha1-OYYTTWdZcn/CIj5hEm7rhyQ6zLw=",
            "dev": true,
            "requires": {
                "buffer-equal": "~0.0.0",
                "deep-equal": "~0.0.0",
                "difflet": "~0.2.0",
                "glob": "~3.2.1",
                "inherits": "*",
                "mkdirp": "~0.3 || 0.4 || 0.5",
                "nopt": "~2",
                "runforcover": "~0.0.2",
                "slide": "*",
                "yamlish": "*"
            }
        },
        "through": {
            "version": "2.3.8",
            "resolved": "https://registry.npm.taobao.org/through/download/through-2.3.8.tgz",
            "integrity": "sha1-DdTJ/6q8NXlgsbckEV1+Doai4fU="
        },
        "through2": {
            "version": "1.1.1",
            "resolved": "https://registry.npm.taobao.org/through2/download/through2-1.1.1.tgz",
            "integrity": "sha1-CEfLxESfNAVXTb3M2buEG4OsNUU=",
            "requires": {
                "readable-stream": ">=1.1.13-1 <1.2.0-0",
                "xtend": ">=4.0.0 <4.1.0-0"
            }
        },
        "to-utf8": {
            "version": "0.0.1",
            "resolved": "https://registry.npm.taobao.org/to-utf8/download/to-utf8-0.0.1.tgz",
            "integrity": "sha1-0Xrqcv8vujm55DYBvns/9y4ImFI=",
            "dev": true
        },
        "traverse": {
            "version": "0.3.9",
            "resolved": "https://registry.npm.taobao.org/traverse/download/traverse-0.3.9.tgz",
            "integrity": "sha1-cXuPIgzAu3tE5AUUwisui7xw2Lk=",
            "dev": true
        },
        "uglify-js": {
            "version": "1.1.1",
            "resolved": "https://registry.npm.taobao.org/uglify-js/download/uglify-js-1.1.1.tgz",
            "integrity": "sha1-7nGpfEzv0GoamyBDfzQRiYKqA1s=",
            "dev": true
        },
        "xtend": {
            "version": "4.0.2",
            "resolved": "https://registry.npm.taobao.org/xtend/download/xtend-4.0.2.tgz",
            "integrity": "sha1-u3J3n1+kZRhrH0OPZ0+jR/2121Q="
        },
        "yamlish": {
            "version": "0.0.7",
            "resolved": "https://registry.npm.taobao.org/yamlish/download/yamlish-0.0.7.tgz",
            "integrity": "sha1-tK+aHcxjYYhzw9bkUewyE8OaV/s=",
            "dev": true
        }
    }
}
